github.com/gorilla/securecookie v1.1.1 h1:miw7JPhV+b/lAHSXz4qd/nN9jRiAFV5FwjeKyCS8BvQ=
github.com/gorilla/securecookie v1.1.1/go.mod h1:ra0sb63/xPlUeL+yeDciTfxMRAA+MP+HVt/4epWDjd4=
github.com/kaatinga/assets v1.0.1 h1:ssmmpHHu+/8FQHm7HKBl/AgdgBETlQOOdJnpDDRiPCk=
github.com/kaatinga/assets v1.0.1/go.mod h1:3Z8Sj9Kz6cnS52NRBP1m3ECIPrJiK2RRcklXSnw4bdE=
